// !$*UTF8*$!
{
	archiveVersion = 1;
	classes = {
	};
	objectVersion = 46;
	objects = {

/* Begin PBXBuildFile section */
		B11AE6EB1E8CA18C00BAC34C /* main.m in Sources */ = {isa = PBXBuildFile; fileRef = B11AE6EA1E8CA18C00BAC34C /* main.m */; };
		B11AE6EE1E8CA18C00BAC34C /* AppDelegate.m in Sources */ = {isa = PBXBuildFile; fileRef = B11AE6ED1E8CA18C00BAC34C /* AppDelegate.m */; };
		B11AE6F11E8CA18C00BAC34C /* ViewController.m in Sources */ = {isa = PBXBuildFile; fileRef = B11AE6F01E8CA18C00BAC34C /* ViewController.m */; };
		B11AE6F41E8CA18C00BAC34C /* Main.storyboard in Resources */ = {isa = PBXBuildFile; fileRef = B11AE6F21E8CA18C00BAC34C /* Main.storyboard */; };
		B11AE6F71E8CA18C00BAC34C /* MLCalendar.xcdatamodeld in Sources */ = {isa = PBXBuildFile; fileRef = B11AE6F51E8CA18C00BAC34C /* MLCalendar.xcdatamodeld */; };
		B11AE6F91E8CA18C00BAC34C /* Assets.xcassets in Resources */ = {isa = PBXBuildFile; fileRef = B11AE6F81E8CA18C00BAC34C /* Assets.xcassets */; };
		B11AE6FC1E8CA18C00BAC34C /* LaunchScreen.storyboard in Resources */ = {isa = PBXBuildFile; fileRef = B11AE6FA1E8CA18C00BAC34C /* LaunchScreen.storyboard */; };
		B11AE7071E8CA18C00BAC34C /* MLCalendarTests.m in Sources */ = {isa = PBXBuildFile; fileRef = B11AE7061E8CA18C00BAC34C /* MLCalendarTests.m */; };
		B11AE7121E8CA18C00BAC34C /* MLCalendarUITests.m in Sources */ = {isa = PBXBuildFile; fileRef = B11AE7111E8CA18C00BAC34C /* MLCalendarUITests.m */; };
		B11AE7231E8CA1F900BAC34C /* MLCalendarView.m in Sources */ = {isa = PBXBuildFile; fileRef = B11AE7221E8CA1F900BAC34C /* MLCalendarView.m */; };
		B11AE72A1E8CA29400BAC34C /* MLAlertCenter.m in Sources */ = {isa = PBXBuildFile; fileRef = B11AE7251E8CA29400BAC34C /* MLAlertCenter.m */; };
		B11AE72F1E8CA73100BAC34C /* MLCalendarCollectionViewCell.m in Sources */ = {isa = PBXBuildFile; fileRef = B11AE72E1E8CA73100BAC34C /* MLCalendarCollectionViewCell.m */; };
		B11AE7321E8CB40C00BAC34C /* MLCalendarItem.m in Sources */ = {isa = PBXBuildFile; fileRef = B11AE7311E8CB40C00BAC34C /* MLCalendarItem.m */; };
		B11AE7351E8CB86500BAC34C /* MLCalenderHeaderView.m in Sources */ = {isa = PBXBuildFile; fileRef = B11AE7341E8CB86500BAC34C /* MLCalenderHeaderView.m */; };
		B186BC5C1E8CD227002880F6 /* MLDateHelper.m in Sources */ = {isa = PBXBuildFile; fileRef = B186BC5B1E8CD227002880F6 /* MLDateHelper.m */; };
/* End PBXBuildFile section */

/* Begin PBXContainerItemProxy section */
		B11AE7031E8CA18C00BAC34C /* PBXContainerItemProxy */ = {
			isa = PBXContainerItemProxy;
			containerPortal = B11AE6DE1E8CA18C00BAC34C /* Project object */;
			proxyType = 1;
			remoteGlobalIDString = B11AE6E51E8CA18C00BAC34C;
			remoteInfo = MLCalendar;
		};
		B11AE70E1E8CA18C00BAC34C /* PBXContainerItemProxy */ = {
			isa = PBXContainerItemProxy;
			containerPortal = B11AE6DE1E8CA18C00BAC34C /* Project object */;
			proxyType = 1;
			remoteGlobalIDString = B11AE6E51E8CA18C00BAC34C;
			remoteInfo = MLCalendar;
		};
/* End PBXContainerItemProxy section */

/* Begin PBXFileReference section */
		B11AE6E61E8CA18C00BAC34C /* MLCalendar.app */ = {isa = PBXFileReference; explicitFileType = wrapper.application; includeInIndex = 0; path = MLCalendar.app; sourceTree = BUILT_PRODUCTS_DIR; };
		B11AE6EA1E8CA18C00BAC34C /* main.m */ = {isa = PBXFileReference; lastKnownFileType = sourcecode.c.objc; path = main.m; sourceTree = "<group>"; };
		B11AE6EC1E8CA18C00BAC34C /* AppDelegate.h */ = {isa = PBXFileReference; lastKnownFileType = sourcecode.c.h; path = AppDelegate.h; sourceTree = "<group>"; };
		B11AE6ED1E8CA18C00BAC34C /* AppDelegate.m */ = {isa = PBXFileReference; lastKnownFileType = sourcecode.c.objc; path = AppDelegate.m; sourceTree = "<group>"; };
		B11AE6EF1E8CA18C00BAC34C /* ViewController.h */ = {isa = PBXFileReference; lastKnownFileType = sourcecode.c.h; path = ViewController.h; sourceTree = "<group>"; };
		B11AE6F01E8CA18C00BAC34C /* ViewController.m */ = {isa = PBXFileReference; lastKnownFileType = sourcecode.c.objc; path = ViewController.m; sourceTree = "<group>"; };
		B11AE6F31E8CA18C00BAC34C /* Base */ = {isa = PBXFileReference; lastKnownFileType = file.storyboard; name = Base; path = Base.lproj/Main.storyboard; sourceTree = "<group>"; };
		B11AE6F61E8CA18C00BAC34C /* MLCalendar.xcdatamodel */ = {isa = PBXFileReference; lastKnownFileType = wrapper.xcdatamodel; path = MLCalendar.xcdatamodel; sourceTree = "<group>"; };
		B11AE6F81E8CA18C00BAC34C /* Assets.xcassets */ = {isa = PBXFileReference; lastKnownFileType = folder.assetcatalog; path = Assets.xcassets; sourceTree = "<group>"; };
		B11AE6FB1E8CA18C00BAC34C /* Base */ = {isa = PBXFileReference; lastKnownFileType = file.storyboard; name = Base; path = Base.lproj/LaunchScreen.storyboard; sourceTree = "<group>"; };
		B11AE6FD1E8CA18C00BAC34C /* Info.plist */ = {isa = PBXFileReference; lastKnownFileType = text.plist.xml; path = Info.plist; sourceTree = "<group>"; };
		B11AE7021E8CA18C00BAC34C /* MLCalendarTests.xctest */ = {isa = PBXFileReference; explicitFileType = wrapper.cfbundle; includeInIndex = 0; path = MLCalendarTests.xctest; sourceTree = BUILT_PRODUCTS_DIR; };
		B11AE7061E8CA18C00BAC34C /* MLCalendarTests.m */ = {isa = PBXFileReference; lastKnownFileType = sourcecode.c.objc; path = MLCalendarTests.m; sourceTree = "<group>"; };
		B11AE7081E8CA18C00BAC34C /* Info.plist */ = {isa = PBXFileReference; lastKnownFileType = text.plist.xml; path = Info.plist; sourceTree = "<group>"; };
		B11AE70D1E8CA18C00BAC34C /* MLCalendarUITests.xctest */ = {isa = PBXFileReference; explicitFileType = wrapper.cfbundle; includeInIndex = 0; path = MLCalendarUITests.xctest; sourceTree = BUILT_PRODUCTS_DIR; };
		B11AE7111E8CA18C00BAC34C /* MLCalendarUITests.m */ = {isa = PBXFileReference; lastKnownFileType = sourcecode.c.objc; path = MLCalendarUITests.m; sourceTree = "<group>"; };
		B11AE7131E8CA18C00BAC34C /* Info.plist */ = {isa = PBXFileReference; lastKnownFileType = text.plist.xml; path = Info.plist; sourceTree = "<group>"; };
		B11AE71F1E8CA1A000BAC34C /* PrefixHeader.pch */ = {isa = PBXFileReference; lastKnownFileType = sourcecode.c.h; path = PrefixHeader.pch; sourceTree = "<group>"; };
		B11AE7211E8CA1F900BAC34C /* MLCalendarView.h */ = {isa = PBXFileReference; fileEncoding = 4; lastKnownFileType = sourcecode.c.h; path = MLCalendarView.h; sourceTree = "<group>"; };
		B11AE7221E8CA1F900BAC34C /* MLCalendarView.m */ = {isa = PBXFileReference; fileEncoding = 4; lastKnownFileType = sourcecode.c.objc; path = MLCalendarView.m; sourceTree = "<group>"; };
		B11AE7241E8CA29400BAC34C /* MLAlertCenter.h */ = {isa = PBXFileReference; fileEncoding = 4; lastKnownFileType = sourcecode.c.h; path = MLAlertCenter.h; sourceTree = "<group>"; };
		B11AE7251E8CA29400BAC34C /* MLAlertCenter.m */ = {isa = PBXFileReference; fileEncoding = 4; lastKnownFileType = sourcecode.c.objc; path = MLAlertCenter.m; sourceTree = "<group>"; };
		B11AE72D1E8CA73100BAC34C /* MLCalendarCollectionViewCell.h */ = {isa = PBXFileReference; fileEncoding = 4; lastKnownFileType = sourcecode.c.h; path = MLCalendarCollectionViewCell.h; sourceTree = "<group>"; };
		B11AE72E1E8CA73100BAC34C /* MLCalendarCollectionViewCell.m */ = {isa = PBXFileReference; fileEncoding = 4; lastKnownFileType = sourcecode.c.objc; path = MLCalendarCollectionViewCell.m; sourceTree = "<group>"; };
		B11AE7301E8CB40C00BAC34C /* MLCalendarItem.h */ = {isa = PBXFileReference; fileEncoding = 4; lastKnownFileType = sourcecode.c.h; path = MLCalendarItem.h; sourceTree = "<group>"; };
		B11AE7311E8CB40C00BAC34C /* MLCalendarItem.m */ = {isa = PBXFileReference; fileEncoding = 4; lastKnownFileType = sourcecode.c.objc; path = MLCalendarItem.m; sourceTree = "<group>"; };
		B11AE7331E8CB86500BAC34C /* MLCalenderHeaderView.h */ = {isa = PBXFileReference; fileEncoding = 4; lastKnownFileType = sourcecode.c.h; path = MLCalenderHeaderView.h; sourceTree = "<group>"; };
		B11AE7341E8CB86500BAC34C /* MLCalenderHeaderView.m */ = {isa = PBXFileReference; fileEncoding = 4; lastKnownFileType = sourcecode.c.objc; path = MLCalenderHeaderView.m; sourceTree = "<group>"; };
		B186BC5A1E8CD227002880F6 /* MLDateHelper.h */ = {isa = PBXFileReference; fileEncoding = 4; lastKnownFileType = sourcecode.c.h; path = MLDateHelper.h; sourceTree = "<group>"; };
		B186BC5B1E8CD227002880F6 /* MLDateHelper.m */ = {isa = PBXFileReference; fileEncoding = 4; lastKnownFileType = sourcecode.c.objc; path = MLDateHelper.m; sourceTree = "<group>"; };
/* End PBXFileReference section */

/* Begin PBXFrameworksBuildPhase section */
		B11AE6E31E8CA18C00BAC34C /* Frameworks */ = {
			isa = PBXFrameworksBuildPhase;
			buildActionMask = 2147483647;
			files = (
			);
			runOnlyForDeploymentPostprocessing = 0;
		};
		B11AE6FF1E8CA18C00BAC34C /* Frameworks */ = {
			isa = PBXFrameworksBuildPhase;
			buildActionMask = 2147483647;
			files = (
			);
			runOnlyForDeploymentPostprocessing = 0;
		};
		B11AE70A1E8CA18C00BAC34C /* Frameworks */ = {
			isa = PBXFrameworksBuildPhase;
			buildActionMask = 2147483647;
			files = (
			);
			runOnlyForDeploymentPostprocessing = 0;
		};
/* End PBXFrameworksBuildPhase section */

/* Begin PBXGroup section */
		B11AE6DD1E8CA18C00BAC34C = {
			isa = PBXGroup;
			children = (
				B11AE6E81E8CA18C00BAC34C /* MLCalendar */,
				B11AE7051E8CA18C00BAC34C /* MLCalendarTests */,
				B11AE7101E8CA18C00BAC34C /* MLCalendarUITests */,
				B11AE6E71E8CA18C00BAC34C /* Products */,
			);
			sourceTree = "<group>";
		};
		B11AE6E71E8CA18C00BAC34C /* Products */ = {
			isa = PBXGroup;
			children = (
				B11AE6E61E8CA18C00BAC34C /* MLCalendar.app */,
				B11AE7021E8CA18C00BAC34C /* MLCalendarTests.xctest */,
				B11AE70D1E8CA18C00BAC34C /* MLCalendarUITests.xctest */,
			);
			name = Products;
			sourceTree = "<group>";
		};
		B11AE6E81E8CA18C00BAC34C /* MLCalendar */ = {
			isa = PBXGroup;
			children = (
				B11AE6EC1E8CA18C00BAC34C /* AppDelegate.h */,
				B11AE6ED1E8CA18C00BAC34C /* AppDelegate.m */,
				B11AE6EF1E8CA18C00BAC34C /* ViewController.h */,
				B11AE6F01E8CA18C00BAC34C /* ViewController.m */,
				B11AE7241E8CA29400BAC34C /* MLAlertCenter.h */,
				B11AE7251E8CA29400BAC34C /* MLAlertCenter.m */,
				B11AE71F1E8CA1A000BAC34C /* PrefixHeader.pch */,
				B11AE7201E8CA1D700BAC34C /* MLCalendar */,
				B11AE6F21E8CA18C00BAC34C /* Main.storyboard */,
				B11AE6F81E8CA18C00BAC34C /* Assets.xcassets */,
				B11AE6FA1E8CA18C00BAC34C /* LaunchScreen.storyboard */,
				B11AE6FD1E8CA18C00BAC34C /* Info.plist */,
				B11AE6F51E8CA18C00BAC34C /* MLCalendar.xcdatamodeld */,
				B11AE6E91E8CA18C00BAC34C /* Supporting Files */,
			);
			path = MLCalendar;
			sourceTree = "<group>";
		};
		B11AE6E91E8CA18C00BAC34C /* Supporting Files */ = {
			isa = PBXGroup;
			children = (
				B11AE6EA1E8CA18C00BAC34C /* main.m */,
			);
			name = "Supporting Files";
			sourceTree = "<group>";
		};
		B11AE7051E8CA18C00BAC34C /* MLCalendarTests */ = {
			isa = PBXGroup;
			children = (
				B11AE7061E8CA18C00BAC34C /* MLCalendarTests.m */,
				B11AE7081E8CA18C00BAC34C /* Info.plist */,
			);
			path = MLCalendarTests;
			sourceTree = "<group>";
		};
		B11AE7101E8CA18C00BAC34C /* MLCalendarUITests */ = {
			isa = PBXGroup;
			children = (
				B11AE7111E8CA18C00BAC34C /* MLCalendarUITests.m */,
				B11AE7131E8CA18C00BAC34C /* Info.plist */,
			);
			path = MLCalendarUITests;
			sourceTree = "<group>";
		};
		B11AE7201E8CA1D700BAC34C /* MLCalendar */ = {
			isa = PBXGroup;
			children = (
				B11AE7211E8CA1F900BAC34C /* MLCalendarView.h */,
				B11AE7221E8CA1F900BAC34C /* MLCalendarView.m */,
				B11AE72D1E8CA73100BAC34C /* MLCalendarCollectionViewCell.h */,
				B11AE72E1E8CA73100BAC34C /* MLCalendarCollectionViewCell.m */,
				B11AE7301E8CB40C00BAC34C /* MLCalendarItem.h */,
				B11AE7311E8CB40C00BAC34C /* MLCalendarItem.m */,
				B11AE7331E8CB86500BAC34C /* MLCalenderHeaderView.h */,
				B11AE7341E8CB86500BAC34C /* MLCalenderHeaderView.m */,
				B186BC5A1E8CD227002880F6 /* MLDateHelper.h */,
				B186BC5B1E8CD227002880F6 /* MLDateHelper.m */,
			);
			path = MLCalendar;
			sourceTree = "<group>";
		};
/* End PBXGroup section */

/* Begin PBXNativeTarget section */
		B11AE6E51E8CA18C00BAC34C /* MLCalendar */ = {
			isa = PBXNativeTarget;
			buildConfigurationList = B11AE7161E8CA18C00BAC34C /* Build configuration list for PBXNativeTarget "MLCalendar" */;
			buildPhases = (
				B11AE6E21E8CA18C00BAC34C /* Sources */,
				B11AE6E31E8CA18C00BAC34C /* Frameworks */,
				B11AE6E41E8CA18C00BAC34C /* Resources */,
			);
			buildRules = (
			);
			dependencies = (
			);
			name = MLCalendar;
			productName = MLCalendar;
			productReference = B11AE6E61E8CA18C00BAC34C /* MLCalendar.app */;
			productType = "com.apple.product-type.application";
		};
		B11AE7011E8CA18C00BAC34C /* MLCalendarTests */ = {
			isa = PBXNativeTarget;
			buildConfigurationList = B11AE7191E8CA18C00BAC34C /* Build configuration list for PBXNativeTarget "MLCalendarTests" */;
			buildPhases = (
				B11AE6FE1E8CA18C00BAC34C /* Sources */,
				B11AE6FF1E8CA18C00BAC34C /* Frameworks */,
				B11AE7001E8CA18C00BAC34C /* Resources */,
			);
			buildRules = (
			);
			dependencies = (
				B11AE7041E8CA18C00BAC34C /* PBXTargetDependency */,
			);
			name = MLCalendarTests;
			productName = MLCalendarTests;
			productReference = B11AE7021E8CA18C00BAC34C /* MLCalendarTests.xctest */;
			productType = "com.apple.product-type.bundle.unit-test";
		};
		B11AE70C1E8CA18C00BAC34C /* MLCalendarUITests */ = {
			isa = PBXNativeTarget;
			buildConfigurationList = B11AE71C1E8CA18C00BAC34C /* Build configuration list for PBXNativeTarget "MLCalendarUITests" */;
			buildPhases = (
				B11AE7091E8CA18C00BAC34C /* Sources */,
				B11AE70A1E8CA18C00BAC34C /* Frameworks */,
				B11AE70B1E8CA18C00BAC34C /* Resources */,
			);
			buildRules = (
			);
			dependencies = (
				B11AE70F1E8CA18C00BAC34C /* PBXTargetDependency */,
			);
			name = MLCalendarUITests;
			productName = MLCalendarUITests;
			productReference = B11AE70D1E8CA18C00BAC34C /* MLCalendarUITests.xctest */;
			productType = "com.apple.product-type.bundle.ui-testing";
		};
/* End PBXNativeTarget section */

/* Begin PBXProject section */
		B11AE6DE1E8CA18C00BAC34C /* Project object */ = {
			isa = PBXProject;
			attributes = {
				LastUpgradeCheck = 0830;
				ORGANIZATIONNAME = "赵明亮";
				TargetAttributes = {
					B11AE6E51E8CA18C00BAC34C = {
						CreatedOnToolsVersion = 8.3;
						DevelopmentTeam = 458ECPNL4V;
						ProvisioningStyle = Manual;
					};
					B11AE7011E8CA18C00BAC34C = {
						CreatedOnToolsVersion = 8.3;
						ProvisioningStyle = Automatic;
						TestTargetID = B11AE6E51E8CA18C00BAC34C;
					};
					B11AE70C1E8CA18C00BAC34C = {
						CreatedOnToolsVersion = 8.3;
						ProvisioningStyle = Automatic;
						TestTargetID = B11AE6E51E8CA18C00BAC34C;
					};
				};
			};
			buildConfigurationList = B11AE6E11E8CA18C00BAC34C /* Build configuration list for PBXProject "MLCalendar" */;
			compatibilityVersion = "Xcode 3.2";
			developmentRegion = English;
			hasScannedForEncodings = 0;
			knownRegions = (
				en,
				Base,
			);
			mainGroup = B11AE6DD1E8CA18C00BAC34C;
			productRefGroup = B11AE6E71E8CA18C00BAC34C /* Products */;
			projectDirPath = "";
			projectRoot = "";
			targets = (
				B11AE6E51E8CA18C00BAC34C /* MLCalendar */,
				B11AE7011E8CA18C00BAC34C /* MLCalendarTests */,
				B11AE70C1E8CA18C00BAC34C /* MLCalendarUITests */,
			);
		};
/* End PBXProject section */

/* Begin PBXResourcesBuildPhase section */
		B11AE6E41E8CA18C00BAC34C /* Resources */ = {
			isa = PBXResourcesBuildPhase;
			buildActionMask = 2147483647;
			files = (
				B11AE6FC1E8CA18C00BAC34C /* LaunchScreen.storyboard in Resources */,
				B11AE6F91E8CA18C00BAC34C /* Assets.xcassets in Resources */,
				B11AE6F41E8CA18C00BAC34C /* Main.storyboard in Resources */,
			);
			runOnlyForDeploymentPostprocessing = 0;
		};
		B11AE7001E8CA18C00BAC34C /* Resources */ = {
			isa = PBXResourcesBuildPhase;
			buildActionMask = 2147483647;
			files = (
			);
			runOnlyForDeploymentPostprocessing = 0;
		};
		B11AE70B1E8CA18C00BAC34C /* Resources */ = {
			isa = PBXResourcesBuildPhase;
			buildActionMask = 2147483647;
			files = (
			);
			runOnlyForDeploymentPostprocessing = 0;
		};
/* End PBXResourcesBuildPhase section */

/* Begin PBXSourcesBuildPhase section */
		B11AE6E21E8CA18C00BAC34C /* Sources */ = {
			isa = PBXSourcesBuildPhase;
			buildActionMask = 2147483647;
			files = (
				B11AE6F11E8CA18C00BAC34C /* ViewController.m in Sources */,
				B11AE7321E8CB40C00BAC34C /* MLCalendarItem.m in Sources */,
				B11AE72F1E8CA73100BAC34C /* MLCalendarCollectionViewCell.m in Sources */,
				B11AE7231E8CA1F900BAC34C /* MLCalendarView.m in Sources */,
				B186BC5C1E8CD227002880F6 /* MLDateHelper.m in Sources */,
				B11AE6EE1E8CA18C00BAC34C /* AppDelegate.m in Sources */,
				B11AE6F71E8CA18C00BAC34C /* MLCalendar.xcdatamodeld in Sources */,
				B11AE72A1E8CA29400BAC34C /* MLAlertCenter.m in Sources */,
				B11AE7351E8CB86500BAC34C /* MLCalenderHeaderView.m in Sources */,
				B11AE6EB1E8CA18C00BAC34C /* main.m in Sources */,
			);
			runOnlyForDeploymentPostprocessing = 0;
		};
		B11AE6FE1E8CA18C00BAC34C /* Sources */ = {
			isa = PBXSourcesBuildPhase;
			buildActionMask = 2147483647;
			files = (
				B11AE7071E8CA18C00BAC34C /* MLCalendarTests.m in Sources */,
			);
			runOnlyForDeploymentPostprocessing = 0;
		};
		B11AE7091E8CA18C00BAC34C /* Sources */ = {
			isa = PBXSourcesBuildPhase;
			buildActionMask = 2147483647;
			files = (
				B11AE7121E8CA18C00BAC34C /* MLCalendarUITests.m in Sources */,
			);
			runOnlyForDeploymentPostprocessing = 0;
		};
/* End PBXSourcesBuildPhase section */

/* Begin PBXTargetDependency section */
		B11AE7041E8CA18C00BAC34C /* PBXTargetDependency */ = {
			isa = PBXTargetDependency;
			target = B11AE6E51E8CA18C00BAC34C /* MLCalendar */;
			targetProxy = B11AE7031E8CA18C00BAC34C /* PBXContainerItemProxy */;
		};
		B11AE70F1E8CA18C00BAC34C /* PBXTargetDependency */ = {
			isa = PBXTargetDependency;
			target = B11AE6E51E8CA18C00BAC34C /* MLCalendar */;
			targetProxy = B11AE70E1E8CA18C00BAC34C /* PBXContainerItemProxy */;
		};
/* End PBXTargetDependency section */

/* Begin PBXVariantGroup section */
		B11AE6F21E8CA18C00BAC34C /* Main.storyboard */ = {
			isa = PBXVariantGroup;
			children = (
				B11AE6F31E8CA18C00BAC34C /* Base */,
			);
			name = Main.storyboard;
			sourceTree = "<group>";
		};
		B11AE6FA1E8CA18C00BAC34C /* LaunchScreen.storyboard */ = {
			isa = PBXVariantGroup;
			children = (
				B11AE6FB1E8CA18C00BAC34C /* Base */,
			);
			name = LaunchScreen.storyboard;
			sourceTree = "<group>";
		};
/* End PBXVariantGroup section */

/* Begin XCBuildConfiguration section */
		B11AE7141E8CA18C00BAC34C /* Debug */ = {
			isa = XCBuildConfiguration;
			buildSettings = {
				ALWAYS_SEARCH_USER_PATHS = NO;
				CLANG_ANALYZER_NONNULL = YES;
				CLANG_ANALYZER_NUMBER_OBJECT_CONVERSION = YES_AGGRESSIVE;
				CLANG_CXX_LANGUAGE_STANDARD = "gnu++0x";
				CLANG_CXX_LIBRARY = "libc++";
				CLANG_ENABLE_MODULES = YES;
				CLANG_ENABLE_OBJC_ARC = YES;
				CLANG_WARN_BOOL_CONVERSION = YES;
				CLANG_WARN_CONSTANT_CONVERSION = YES;
				CLANG_WARN_DIRECT_OBJC_ISA_USAGE = YES_ERROR;
				CLANG_WARN_DOCUMENTATION_COMMENTS = YES;
				CLANG_WARN_EMPTY_BODY = YES;
				CLANG_WARN_ENUM_CONVERSION = YES;
				CLANG_WARN_INFINITE_RECURSION = YES;
				CLANG_WARN_INT_CONVERSION = YES;
				CLANG_WARN_OBJC_ROOT_CLASS = YES_ERROR;
				CLANG_WARN_SUSPICIOUS_MOVE = YES;
				CLANG_WARN_UNREACHABLE_CODE = YES;
				CLANG_WARN__DUPLICATE_METHOD_MATCH = YES;
				"CODE_SIGN_IDENTITY[sdk=iphoneos*]" = "iPhone Developer";
				COPY_PHASE_STRIP = NO;
				DEBUG_INFORMATION_FORMAT = dwarf;
				ENABLE_STRICT_OBJC_MSGSEND = YES;
				ENABLE_TESTABILITY = YES;
				GCC_C_LANGUAGE_STANDARD = gnu99;
				GCC_DYNAMIC_NO_PIC = NO;
				GCC_NO_COMMON_BLOCKS = YES;
				GCC_OPTIMIZATION_LEVEL = 0;
				GCC_PREPROCESSOR_DEFINITIONS = (
					"DEBUG=1",
					"$(inherited)",
				);
				GCC_WARN_64_TO_32_BIT_CONVERSION = YES;
				GCC_WARN_ABOUT_RETURN_TYPE = YES_ERROR;
				GCC_WARN_UNDECLARED_SELECTOR = YES;
				GCC_WARN_UNINITIALIZED_AUTOS = YES_AGGRESSIVE;
				GCC_WARN_UNUSED_FUNCTION = YES;
				GCC_WARN_UNUSED_VARIABLE = YES;
				IPHONEOS_DEPLOYMENT_TARGET = 10.3;
				MTL_ENABLE_DEBUG_INFO = YES;
				ONLY_ACTIVE_ARCH = YES;
				SDKROOT = iphoneos;
				TARGETED_DEVICE_FAMILY = "1,2";
			};
			name = Debug;
		};
		B11AE7151E8CA18C00BAC34C /* Release */ = {
			isa = XCBuildConfiguration;
			buildSettings = {
				ALWAYS_SEARCH_USER_PATHS = NO;
				CLANG_ANALYZER_NONNULL = YES;
				CLANG_ANALYZER_NUMBER_OBJECT_CONVERSION = YES_AGGRESSIVE;
				CLANG_CXX_LANGUAGE_STANDARD = "gnu++0x";
				CLANG_CXX_LIBRARY = "libc++";
				CLANG_ENABLE_MODULES = YES;
				CLANG_ENABLE_OBJC_ARC = YES;
				CLANG_WARN_BOOL_CONVERSION = YES;
				CLANG_WARN_CONSTANT_CONVERSION = YES;
				CLANG_WARN_DIRECT_OBJC_ISA_USAGE = YES_ERROR;
				CLANG_WARN_DOCUMENTATION_COMMENTS = YES;
				CLANG_WARN_EMPTY_BODY = YES;
				CLANG_WARN_ENUM_CONVERSION = YES;
				CLANG_WARN_INFINITE_RECURSION = YES;
				CLANG_WARN_INT_CONVERSION = YES;
				CLANG_WARN_OBJC_ROOT_CLASS = YES_ERROR;
				CLANG_WARN_SUSPICIOUS_MOVE = YES;
				CLANG_WARN_UNREACHABLE_CODE = YES;
				CLANG_WARN__DUPLICATE_METHOD_MATCH = YES;
				"CODE_SIGN_IDENTITY[sdk=iphoneos*]" = "iPhone Developer";
				COPY_PHASE_STRIP = NO;
				DEBUG_INFORMATION_FORMAT = "dwarf-with-dsym";
				ENABLE_NS_ASSERTIONS = NO;
				ENABLE_STRICT_OBJC_MSGSEND = YES;
				GCC_C_LANGUAGE_STANDARD = gnu99;
				GCC_NO_COMMON_BLOCKS = YES;
				GCC_WARN_64_TO_32_BIT_CONVERSION = YES;
				GCC_WARN_ABOUT_RETURN_TYPE = YES_ERROR;
				GCC_WARN_UNDECLARED_SELECTOR = YES;
				GCC_WARN_UNINITIALIZED_AUTOS = YES_AGGRESSIVE;
				GCC_WARN_UNUSED_FUNCTION = YES;
				GCC_WARN_UNUSED_VARIABLE = YES;
				IPHONEOS_DEPLOYMENT_TARGET = 10.3;
				MTL_ENABLE_DEBUG_INFO = NO;
				SDKROOT = iphoneos;
				TARGETED_DEVICE_FAMILY = "1,2";
				VALIDATE_PRODUCT = YES;
			};
			name = Release;
		};
		B11AE7171E8CA18C00BAC34C /* Debug */ = {
			isa = XCBuildConfiguration;
			buildSettings = {
				ASSETCATALOG_COMPILER_APPICON_NAME = AppIcon;
				DEVELOPMENT_TEAM = 458ECPNL4V;
				GCC_PREFIX_HEADER = "$(SRCROOT)/MLCalendar/PrefixHeader.pch";
				INFOPLIST_FILE = MLCalendar/Info.plist;
				LD_RUNPATH_SEARCH_PATHS = "$(inherited) @executable_path/Frameworks";
				PRODUCT_BUNDLE_IDENTIFIER = com.zhaoml.calendar;
				PRODUCT_NAME = "$(TARGET_NAME)";
				PROVISIONING_PROFILE = "5f41f979-74d3-4a5c-a3d1-7af73d008828";
				PROVISIONING_PROFILE_SPECIFIER = galaxyByWp_Dev;
			};
			name = Debug;
		};
		B11AE7181E8CA18C00BAC34C /* Release */ = {
			isa = XCBuildConfiguration;
			buildSettings = {
				ASSETCATALOG_COMPILER_APPICON_NAME = AppIcon;
				"CODE_SIGN_IDENTITY[sdk=iphoneos*]" = "iPhone Distribution";
				DEVELOPMENT_TEAM = 458ECPNL4V;
				GCC_PREFIX_HEADER = "$(SRCROOT)/MLCalendar/PrefixHeader.pch";
				INFOPLIST_FILE = MLCalendar/Info.plist;
				LD_RUNPATH_SEARCH_PATHS = "$(inherited) @executable_path/Frameworks";
				PRODUCT_BUNDLE_IDENTIFIER = com.zhaoml.calendar;
				PRODUCT_NAME = "$(TARGET_NAME)";
				PROVISIONING_PROFILE = "50c99f88-4585-4fbd-8e89-26374990222a";
				PROVISIONING_PROFILE_SPECIFIER = galaxyByWp;
			};
			name = Release;
		};
		B11AE71A1E8CA18C00BAC34C /* Debug */ = {
			isa = XCBuildConfiguration;
			buildSettings = {
				BUNDLE_LOADER = "$(TEST_HOST)";
				INFOPLIST_FILE = MLCalendarTests/Info.plist;
				LD_RUNPATH_SEARCH_PATHS = "$(inherited) @executable_path/Frameworks @loader_path/Frameworks";
				PRODUCT_BUNDLE_IDENTIFIER = com.dididoctor.doctor.MLCalendarTests;
				PRODUCT_NAME = "$(TARGET_NAME)";
				TEST_HOST = "$(BUILT_PRODUCTS_DIR)/MLCalendar.app/MLCalendar";
			};
			name = Debug;
		};
		B11AE71B1E8CA18C00BAC34C /* Release */ = {
			isa = XCBuildConfiguration;
			buildSettings = {
				BUNDLE_LOADER = "$(TEST_HOST)";
				INFOPLIST_FILE = MLCalendarTests/Info.plist;
				LD_RUNPATH_SEARCH_PATHS = "$(inherited) @executable_path/Frameworks @loader_path/Frameworks";
				PRODUCT_BUNDLE_IDENTIFIER = com.dididoctor.doctor.MLCalendarTests;
				PRODUCT_NAME = "$(TARGET_NAME)";
				TEST_HOST = "$(BUILT_PRODUCTS_DIR)/MLCalendar.app/MLCalendar";
			};
			name = Release;
		};
		B11AE71D1E8CA18C00BAC34C /* Debug */ = {
			isa = XCBuildConfiguration;
			buildSettings = {
				INFOPLIST_FILE = MLCalendarUITests/Info.plist;
				LD_RUNPATH_SEARCH_PATHS = "$(inherited) @executable_path/Frameworks @loader_path/Frameworks";
				PRODUCT_BUNDLE_IDENTIFIER = com.dididoctor.doctor.MLCalendarUITests;
				PRODUCT_NAME = "$(TARGET_NAME)";
				TEST_TARGET_NAME = MLCalendar;
			};
			name = Debug;
		};
		B11AE71E1E8CA18C00BAC34C /* Release */ = {
			isa = XCBuildConfiguration;
			buildSettings = {
				INFOPLIST_FILE = MLCalendarUITests/Info.plist;
				LD_RUNPATH_SEARCH_PATHS = "$(inherited) @executable_path/Frameworks @loader_path/Frameworks";
				PRODUCT_BUNDLE_IDENTIFIER = com.dididoctor.doctor.MLCalendarUITests;
				PRODUCT_NAME = "$(TARGET_NAME)";
				TEST_TARGET_NAME = MLCalendar;
			};
			name = Release;
		};
/* End XCBuildConfiguration section */

/* Begin XCConfigurationList section */
		B11AE6E11E8CA18C00BAC34C /* Build configuration list for PBXProject "MLCalendar" */ = {
			isa = XCConfigurationList;
			buildConfigurations = (
				B11AE7141E8CA18C00BAC34C /* Debug */,
				B11AE7151E8CA18C00BAC34C /* Release */,
			);
			defaultConfigurationIsVisible = 0;
			defaultConfigurationName = Release;
		};
		B11AE7161E8CA18C00BAC34C /* Build configuration list for PBXNativeTarget "MLCalendar" */ = {
			isa = XCConfigurationList;
			buildConfigurations = (
				B11AE7171E8CA18C00BAC34C /* Debug */,
				B11AE7181E8CA18C00BAC34C /* Release */,
			);
			defaultConfigurationIsVisible = 0;
			defaultConfigurationName = Release;
		};
		B11AE7191E8CA18C00BAC34C /* Build configuration list for PBXNativeTarget "MLCalendarTests" */ = {
			isa = XCConfigurationList;
			buildConfigurations = (
				B11AE71A1E8CA18C00BAC34C /* Debug */,
				B11AE71B1E8CA18C00BAC34C /* Release */,
			);
			defaultConfigurationIsVisible = 0;
			defaultConfigurationName = Release;
		};
		B11AE71C1E8CA18C00BAC34C /* Build configuration list for PBXNativeTarget "MLCalendarUITests" */ = {
			isa = XCConfigurationList;
			buildConfigurations = (
				B11AE71D1E8CA18C00BAC34C /* Debug */,
				B11AE71E1E8CA18C00BAC34C /* Release */,
			);
			defaultConfigurationIsVisible = 0;
			defaultConfigurationName = Release;
		};
/* End XCConfigurationList section */

/* Begin XCVersionGroup section */
		B11AE6F51E8CA18C00BAC34C /* MLCalendar.xcdatamodeld */ = {
			isa = XCVersionGroup;
			children = (
				B11AE6F61E8CA18C00BAC34C /* MLCalendar.xcdatamodel */,
			);
			currentVersion = B11AE6F61E8CA18C00BAC34C /* MLCalendar.xcdatamodel */;
			path = MLCalendar.xcdatamodeld;
			sourceTree = "<group>";
			versionGroupType = wrapper.xcdatamodel;
		};
/* End XCVersionGroup section */
	};
	rootObject = B11AE6DE1E8CA18C00BAC34C /* Project object */;
}
